
Microsoft Visual Studio Solution File, Format Version 12.00
# Visual Studio Version 17
VisualStudioVersion = 17.7.34221.43
MinimumVisualStudioVersion = 10.0.40219.1
Project("{FAE04EC0-301F-11D3-BF4B-00C04F79EFBC}") = "Exercise4", "Exercise4\Exercise4.csproj", "{5B4F22D4-09CF-4ACD-A1A7-D5EF6ED4EF99}"
EndProject
Global
	GlobalSection(SolutionConfigurationPlatforms) = preSolution
		Debug|Any CPU = Debug|Any CPU
		Release|Any CPU = Release|Any CPU
	EndGlobalSection
	GlobalSection(ProjectConfigurationPlatforms) = postSolution
		{5B4F22D4-09CF-4ACD-A1A7-D5EF6ED4EF99}.Debug|Any CPU.ActiveCfg = Debug|Any CPU
		{5B4F22D4-09CF-4ACD-A1A7-D5EF6ED4EF99}.Debug|Any CPU.Build.0 = Debug|Any CPU
		{5B4F22D4-09CF-4ACD-A1A7-D5EF6ED4EF99}.Release|Any CPU.ActiveCfg = Release|Any CPU
		{5B4F22D4-09CF-4ACD-A1A7-D5EF6ED4EF99}.Release|Any CPU.Build.0 = Release|Any CPU
	EndGlobalSection
	GlobalSection(SolutionProperties) = preSolution
		HideSolutionNode = FALSE
	EndGlobalSection
	GlobalSection(ExtensibilityGlobals) = postSolution
		SolutionGuid = {A2F07BC1-AE41-4752-9774-FB5FE2284EB2}
	EndGlobalSection
EndGlobal
